
Microsoft Visual Studio Solution File, Format Version 12.00
# Visual Studio Version 16
VisualStudioVersion = 16.0.30114.105
MinimumVisualStudioVersion = 10.0.40219.1
Project("{9A19103F-16F7-4668-BE54-9A1E7A4F7556}") = "FBPLibCore", "FBPLibCore\FBPLibCore.csproj", "{9E25F91B-534A-4F53-83F4-B7DC619F88E0}"
EndProject
Project("{9A19103F-16F7-4668-BE54-9A1E7A4F7556}") = "FBPVerbsCore", "FBPVerbsCore\FBPVerbsCore.csproj", "{2E4F12FB-C57E-42CF-BE4C-65E839520A51}"
	ProjectSection(ProjectDependencies) = postProject
		{9E25F91B-534A-4F53-83F4-B7DC619F88E0} = {9E25F91B-534A-4F53-83F4-B7DC619F88E0}
	EndProjectSection
EndProject
Project("{FAE04EC0-301F-11D3-BF4B-00C04F79EFBC}") = "TestNetworkCore", "TestNetworkCore\TestNetworkCore.csproj", "{383912EF-D742-4120-A762-5C3B377EEE75}"
EndProject
Project("{FAE04EC0-301F-11D3-BF4B-00C04F79EFBC}") = "ConcordCore", "ConcordCore\ConcordCore.csproj", "{B624AAB2-3B64-41C4-9EFD-735DAB3609AE}"
EndProject
Project("{FAE04EC0-301F-11D3-BF4B-00C04F79EFBC}") = "UnitTestsCore", "UnitTestCore\UnitTestsCore.csproj", "{2F25BD66-2EFB-41B0-933F-FCF99BCF2806}"
EndProject
Project("{9A19103F-16F7-4668-BE54-9A1E7A4F7556}") = "capnproto_schemas_csharp", "..\mas-infrastructure\capnproto_schemas\capnproto_schemas_csharp.csproj", "{72FBE316-0676-4885-863E-84B4FDFF8406}"
EndProject
Project("{9A19103F-16F7-4668-BE54-9A1E7A4F7556}") = "common", "..\mas-infrastructure\src\csharp\common\common.csproj", "{A4EC941C-1CE3-4036-AE54-F691FA325247}"
EndProject
Global
	GlobalSection(SolutionConfigurationPlatforms) = preSolution
		Debug|Any CPU = Debug|Any CPU
		Debug|Mixed Platforms = Debug|Mixed Platforms
		Debug|x64 = Debug|x64
		Debug|x86 = Debug|x86
		Release|Any CPU = Release|Any CPU
		Release|Mixed Platforms = Release|Mixed Platforms
		Release|x64 = Release|x64
		Release|x86 = Release|x86
	EndGlobalSection
	GlobalSection(ProjectConfigurationPlatforms) = postSolution
		{9E25F91B-534A-4F53-83F4-B7DC619F88E0}.Debug|Any CPU.ActiveCfg = Debug|Any CPU
		{9E25F91B-534A-4F53-83F4-B7DC619F88E0}.Debug|Any CPU.Build.0 = Debug|Any CPU
		{9E25F91B-534A-4F53-83F4-B7DC619F88E0}.Debug|Mixed Platforms.ActiveCfg = Debug|Any CPU
		{9E25F91B-534A-4F53-83F4-B7DC619F88E0}.Debug|Mixed Platforms.Build.0 = Debug|Any CPU
		{9E25F91B-534A-4F53-83F4-B7DC619F88E0}.Debug|x64.ActiveCfg = Debug|Any CPU
		{9E25F91B-534A-4F53-83F4-B7DC619F88E0}.Debug|x64.Build.0 = Debug|Any CPU
		{9E25F91B-534A-4F53-83F4-B7DC619F88E0}.Debug|x86.ActiveCfg = Debug|Any CPU
		{9E25F91B-534A-4F53-83F4-B7DC619F88E0}.Debug|x86.Build.0 = Debug|Any CPU
		{9E25F91B-534A-4F53-83F4-B7DC619F88E0}.Release|Any CPU.ActiveCfg = Release|Any CPU
		{9E25F91B-534A-4F53-83F4-B7DC619F88E0}.Release|Any CPU.Build.0 = Release|Any CPU
		{9E25F91B-534A-4F53-83F4-B7DC619F88E0}.Release|Mixed Platforms.ActiveCfg = Release|Any CPU
		{9E25F91B-534A-4F53-83F4-B7DC619F88E0}.Release|Mixed Platforms.Build.0 = Release|Any CPU
		{9E25F91B-534A-4F53-83F4-B7DC619F88E0}.Release|x64.ActiveCfg = Release|Any CPU
		{9E25F91B-534A-4F53-83F4-B7DC619F88E0}.Release|x64.Build.0 = Release|Any CPU
		{9E25F91B-534A-4F53-83F4-B7DC619F88E0}.Release|x86.ActiveCfg = Release|Any CPU
		{9E25F91B-534A-4F53-83F4-B7DC619F88E0}.Release|x86.Build.0 = Release|Any CPU
		{2E4F12FB-C57E-42CF-BE4C-65E839520A51}.Debug|Any CPU.ActiveCfg = Debug|Any CPU
		{2E4F12FB-C57E-42CF-BE4C-65E839520A51}.Debug|Any CPU.Build.0 = Debug|Any CPU
		{2E4F12FB-C57E-42CF-BE4C-65E839520A51}.Debug|Mixed Platforms.ActiveCfg = Debug|Any CPU
		{2E4F12FB-C57E-42CF-BE4C-65E839520A51}.Debug|Mixed Platforms.Build.0 = Debug|Any CPU
		{2E4F12FB-C57E-42CF-BE4C-65E839520A51}.Debug|x64.ActiveCfg = Debug|Any CPU
		{2E4F12FB-C57E-42CF-BE4C-65E839520A51}.Debug|x64.Build.0 = Debug|Any CPU
		{2E4F12FB-C57E-42CF-BE4C-65E839520A51}.Debug|x86.ActiveCfg = Debug|Any CPU
		{2E4F12FB-C57E-42CF-BE4C-65E839520A51}.Debug|x86.Build.0 = Debug|Any CPU
		{2E4F12FB-C57E-42CF-BE4C-65E839520A51}.Release|Any CPU.ActiveCfg = Release|Any CPU
		{2E4F12FB-C57E-42CF-BE4C-65E839520A51}.Release|Any CPU.Build.0 = Release|Any CPU
		{2E4F12FB-C57E-42CF-BE4C-65E839520A51}.Release|Mixed Platforms.ActiveCfg = Release|Any CPU
		{2E4F12FB-C57E-42CF-BE4C-65E839520A51}.Release|Mixed Platforms.Build.0 = Release|Any CPU
		{2E4F12FB-C57E-42CF-BE4C-65E839520A51}.Release|x64.ActiveCfg = Release|Any CPU
		{2E4F12FB-C57E-42CF-BE4C-65E839520A51}.Release|x64.Build.0 = Release|Any CPU
		{2E4F12FB-C57E-42CF-BE4C-65E839520A51}.Release|x86.ActiveCfg = Release|Any CPU
		{2E4F12FB-C57E-42CF-BE4C-65E839520A51}.Release|x86.Build.0 = Release|Any CPU
		{383912EF-D742-4120-A762-5C3B377EEE75}.Debug|Any CPU.ActiveCfg = Debug|Any CPU
		{383912EF-D742-4120-A762-5C3B377EEE75}.Debug|Any CPU.Build.0 = Debug|Any CPU
		{383912EF-D742-4120-A762-5C3B377EEE75}.Debug|Mixed Platforms.ActiveCfg = Debug|Any CPU
		{383912EF-D742-4120-A762-5C3B377EEE75}.Debug|Mixed Platforms.Build.0 = Debug|Any CPU
		{383912EF-D742-4120-A762-5C3B377EEE75}.Debug|x64.ActiveCfg = Debug|Any CPU
		{383912EF-D742-4120-A762-5C3B377EEE75}.Debug|x64.Build.0 = Debug|Any CPU
		{383912EF-D742-4120-A762-5C3B377EEE75}.Debug|x86.ActiveCfg = Debug|Any CPU
		{383912EF-D742-4120-A762-5C3B377EEE75}.Debug|x86.Build.0 = Debug|Any CPU
		{383912EF-D742-4120-A762-5C3B377EEE75}.Release|Any CPU.ActiveCfg = Release|Any CPU
		{383912EF-D742-4120-A762-5C3B377EEE75}.Release|Any CPU.Build.0 = Release|Any CPU
		{383912EF-D742-4120-A762-5C3B377EEE75}.Release|Mixed Platforms.ActiveCfg = Release|Any CPU
		{383912EF-D742-4120-A762-5C3B377EEE75}.Release|Mixed Platforms.Build.0 = Release|Any CPU
		{383912EF-D742-4120-A762-5C3B377EEE75}.Release|x64.ActiveCfg = Release|Any CPU
		{383912EF-D742-4120-A762-5C3B377EEE75}.Release|x64.Build.0 = Release|Any CPU
		{383912EF-D742-4120-A762-5C3B377EEE75}.Release|x86.ActiveCfg = Release|Any CPU
		{383912EF-D742-4120-A762-5C3B377EEE75}.Release|x86.Build.0 = Release|Any CPU
		{B624AAB2-3B64-41C4-9EFD-735DAB3609AE}.Debug|Any CPU.ActiveCfg = Debug|Any CPU
		{B624AAB2-3B64-41C4-9EFD-735DAB3609AE}.Debug|Any CPU.Build.0 = Debug|Any CPU
		{B624AAB2-3B64-41C4-9EFD-735DAB3609AE}.Debug|Mixed Platforms.ActiveCfg = Debug|Any CPU
		{B624AAB2-3B64-41C4-9EFD-735DAB3609AE}.Debug|Mixed Platforms.Build.0 = Debug|Any CPU
		{B624AAB2-3B64-41C4-9EFD-735DAB3609AE}.Debug|x64.ActiveCfg = Debug|Any CPU
		{B624AAB2-3B64-41C4-9EFD-735DAB3609AE}.Debug|x64.Build.0 = Debug|Any CPU
		{B624AAB2-3B64-41C4-9EFD-735DAB3609AE}.Debug|x86.ActiveCfg = Debug|Any CPU
		{B624AAB2-3B64-41C4-9EFD-735DAB3609AE}.Debug|x86.Build.0 = Debug|Any CPU
		{B624AAB2-3B64-41C4-9EFD-735DAB3609AE}.Release|Any CPU.ActiveCfg = Release|Any CPU
		{B624AAB2-3B64-41C4-9EFD-735DAB3609AE}.Release|Any CPU.Build.0 = Release|Any CPU
		{B624AAB2-3B64-41C4-9EFD-735DAB3609AE}.Release|Mixed Platforms.ActiveCfg = Release|Any CPU
		{B624AAB2-3B64-41C4-9EFD-735DAB3609AE}.Release|Mixed Platforms.Build.0 = Release|Any CPU
		{B624AAB2-3B64-41C4-9EFD-735DAB3609AE}.Release|x64.ActiveCfg = Release|Any CPU
		{B624AAB2-3B64-41C4-9EFD-735DAB3609AE}.Release|x64.Build.0 = Release|Any CPU
		{B624AAB2-3B64-41C4-9EFD-735DAB3609AE}.Release|x86.ActiveCfg = Release|Any CPU
		{B624AAB2-3B64-41C4-9EFD-735DAB3609AE}.Release|x86.Build.0 = Release|Any CPU
		{2F25BD66-2EFB-41B0-933F-FCF99BCF2806}.Debug|Any CPU.ActiveCfg = Debug|Any CPU
		{2F25BD66-2EFB-41B0-933F-FCF99BCF2806}.Debug|Any CPU.Build.0 = Debug|Any CPU
		{2F25BD66-2EFB-41B0-933F-FCF99BCF2806}.Debug|Mixed Platforms.ActiveCfg = Debug|Any CPU
		{2F25BD66-2EFB-41B0-933F-FCF99BCF2806}.Debug|Mixed Platforms.Build.0 = Debug|Any CPU
		{2F25BD66-2EFB-41B0-933F-FCF99BCF2806}.Debug|x64.ActiveCfg = Debug|Any CPU
		{2F25BD66-2EFB-41B0-933F-FCF99BCF2806}.Debug|x64.Build.0 = Debug|Any CPU
		{2F25BD66-2EFB-41B0-933F-FCF99BCF2806}.Debug|x86.ActiveCfg = Debug|Any CPU
		{2F25BD66-2EFB-41B0-933F-FCF99BCF2806}.Debug|x86.Build.0 = Debug|Any CPU
		{2F25BD66-2EFB-41B0-933F-FCF99BCF2806}.Release|Any CPU.ActiveCfg = Release|Any CPU
		{2F25BD66-2EFB-41B0-933F-FCF99BCF2806}.Release|Any CPU.Build.0 = Release|Any CPU
		{2F25BD66-2EFB-41B0-933F-FCF99BCF2806}.Release|Mixed Platforms.ActiveCfg = Release|Any CPU
		{2F25BD66-2EFB-41B0-933F-FCF99BCF2806}.Release|Mixed Platforms.Build.0 = Release|Any CPU
		{2F25BD66-2EFB-41B0-933F-FCF99BCF2806}.Release|x64.ActiveCfg = Release|Any CPU
		{2F25BD66-2EFB-41B0-933F-FCF99BCF2806}.Release|x64.Build.0 = Release|Any CPU
		{2F25BD66-2EFB-41B0-933F-FCF99BCF2806}.Release|x86.ActiveCfg = Release|Any CPU
		{2F25BD66-2EFB-41B0-933F-FCF99BCF2806}.Release|x86.Build.0 = Release|Any CPU
		{72FBE316-0676-4885-863E-84B4FDFF8406}.Debug|Any CPU.ActiveCfg = Debug|Any CPU
		{72FBE316-0676-4885-863E-84B4FDFF8406}.Debug|Any CPU.Build.0 = Debug|Any CPU
		{72FBE316-0676-4885-863E-84B4FDFF8406}.Debug|Mixed Platforms.ActiveCfg = Debug|Any CPU
		{72FBE316-0676-4885-863E-84B4FDFF8406}.Debug|Mixed Platforms.Build.0 = Debug|Any CPU
		{72FBE316-0676-4885-863E-84B4FDFF8406}.Debug|x64.ActiveCfg = Debug|Any CPU
		{72FBE316-0676-4885-863E-84B4FDFF8406}.Debug|x64.Build.0 = Debug|Any CPU
		{72FBE316-0676-4885-863E-84B4FDFF8406}.Debug|x86.ActiveCfg = Debug|Any CPU
		{72FBE316-0676-4885-863E-84B4FDFF8406}.Debug|x86.Build.0 = Debug|Any CPU
		{72FBE316-0676-4885-863E-84B4FDFF8406}.Release|Any CPU.ActiveCfg = Release|Any CPU
		{72FBE316-0676-4885-863E-84B4FDFF8406}.Release|Any CPU.Build.0 = Release|Any CPU
		{72FBE316-0676-4885-863E-84B4FDFF8406}.Release|Mixed Platforms.ActiveCfg = Release|Any CPU
		{72FBE316-0676-4885-863E-84B4FDFF8406}.Release|Mixed Platforms.Build.0 = Release|Any CPU
		{72FBE316-0676-4885-863E-84B4FDFF8406}.Release|x64.ActiveCfg = Release|Any CPU
		{72FBE316-0676-4885-863E-84B4FDFF8406}.Release|x64.Build.0 = Release|Any CPU
		{72FBE316-0676-4885-863E-84B4FDFF8406}.Release|x86.ActiveCfg = Release|Any CPU
		{72FBE316-0676-4885-863E-84B4FDFF8406}.Release|x86.Build.0 = Release|Any CPU
		{A4EC941C-1CE3-4036-AE54-F691FA325247}.Debug|Any CPU.ActiveCfg = Debug|Any CPU
		{A4EC941C-1CE3-4036-AE54-F691FA325247}.Debug|Any CPU.Build.0 = Debug|Any CPU
		{A4EC941C-1CE3-4036-AE54-F691FA325247}.Debug|Mixed Platforms.ActiveCfg = Debug|Any CPU
		{A4EC941C-1CE3-4036-AE54-F691FA325247}.Debug|Mixed Platforms.Build.0 = Debug|Any CPU
		{A4EC941C-1CE3-4036-AE54-F691FA325247}.Debug|x64.ActiveCfg = Debug|Any CPU
		{A4EC941C-1CE3-4036-AE54-F691FA325247}.Debug|x64.Build.0 = Debug|Any CPU
		{A4EC941C-1CE3-4036-AE54-F691FA325247}.Debug|x86.ActiveCfg = Debug|Any CPU
		{A4EC941C-1CE3-4036-AE54-F691FA325247}.Debug|x86.Build.0 = Debug|Any CPU
		{A4EC941C-1CE3-4036-AE54-F691FA325247}.Release|Any CPU.ActiveCfg = Release|Any CPU
		{A4EC941C-1CE3-4036-AE54-F691FA325247}.Release|Any CPU.Build.0 = Release|Any CPU
		{A4EC941C-1CE3-4036-AE54-F691FA325247}.Release|Mixed Platforms.ActiveCfg = Release|Any CPU
		{A4EC941C-1CE3-4036-AE54-F691FA325247}.Release|Mixed Platforms.Build.0 = Release|Any CPU
		{A4EC941C-1CE3-4036-AE54-F691FA325247}.Release|x64.ActiveCfg = Release|Any CPU
		{A4EC941C-1CE3-4036-AE54-F691FA325247}.Release|x64.Build.0 = Release|Any CPU
		{A4EC941C-1CE3-4036-AE54-F691FA325247}.Release|x86.ActiveCfg = Release|Any CPU
		{A4EC941C-1CE3-4036-AE54-F691FA325247}.Release|x86.Build.0 = Release|Any CPU
	EndGlobalSection
	GlobalSection(SolutionProperties) = preSolution
		HideSolutionNode = FALSE
	EndGlobalSection
	GlobalSection(ExtensibilityGlobals) = postSolution
		SolutionGuid = {558E38F3-4A82-4BD6-8FBB-EFC1B0BE34A6}
	EndGlobalSection
EndGlobal
